
Microsoft Visual Studio Solution File, Format Version 12.00
# Visual Studio Version 16
VisualStudioVersion = 16.0.29728.190
MinimumVisualStudioVersion = 10.0.40219.1
Project("{FAE04EC0-301F-11D3-BF4B-00C04F79EFBC}") = "Tournament", "ConsoleApp1\Tournament.csproj", "{95A5CB5C-0C46-4A14-9638-CECBB7624D2E}"
EndProject
Global
	GlobalSection(SolutionConfigurationPlatforms) = preSolution
		Debug|Any CPU = Debug|Any CPU
		Release|Any CPU = Release|Any CPU
	EndGlobalSection
	GlobalSection(ProjectConfigurationPlatforms) = postSolution
		{95A5CB5C-0C46-4A14-9638-CECBB7624D2E}.Debug|Any CPU.ActiveCfg = Debug|Any CPU
		{95A5CB5C-0C46-4A14-9638-CECBB7624D2E}.Debug|Any CPU.Build.0 = Debug|Any CPU
		{95A5CB5C-0C46-4A14-9638-CECBB7624D2E}.Release|Any CPU.ActiveCfg = Release|Any CPU
		{95A5CB5C-0C46-4A14-9638-CECBB7624D2E}.Release|Any CPU.Build.0 = Release|Any CPU
	EndGlobalSection
	GlobalSection(SolutionProperties) = preSolution
		HideSolutionNode = FALSE
	EndGlobalSection
	GlobalSection(ExtensibilityGlobals) = postSolution
		SolutionGuid = {51F7F09A-D260-492A-AB25-3E875D202ABE}
	EndGlobalSection
EndGlobal
